
Microsoft Visual Studio Solution File, Format Version 12.00
# Visual Studio Version 16
VisualStudioVersion = 16.0.30002.166
MinimumVisualStudioVersion = 10.0.40219.1
Project("{FAE04EC0-301F-11D3-BF4B-00C04F79EFBC}") = "FancyTiling", "FancyTiling.csproj", "{255EF247-8AC4-4FFE-83C1-E77373AE5957}"
EndProject
Global
	GlobalSection(SolutionConfigurationPlatforms) = preSolution
		Debug|Any CPU = Debug|Any CPU
		Release|Any CPU = Release|Any CPU
	EndGlobalSection
	GlobalSection(ProjectConfigurationPlatforms) = postSolution
		{255EF247-8AC4-4FFE-83C1-E77373AE5957}.Debug|Any CPU.ActiveCfg = Debug|Any CPU
		{255EF247-8AC4-4FFE-83C1-E77373AE5957}.Debug|Any CPU.Build.0 = Debug|Any CPU
		{255EF247-8AC4-4FFE-83C1-E77373AE5957}.Release|Any CPU.ActiveCfg = Release|Any CPU
		{255EF247-8AC4-4FFE-83C1-E77373AE5957}.Release|Any CPU.Build.0 = Release|Any CPU
	EndGlobalSection
	GlobalSection(SolutionProperties) = preSolution
		HideSolutionNode = FALSE
	EndGlobalSection
	GlobalSection(ExtensibilityGlobals) = postSolution
		SolutionGuid = {F3C9E75C-C3D9-4C6A-9730-9816607B52EC}
	EndGlobalSection
EndGlobal
