
Microsoft Visual Studio Solution File, Format Version 12.00
# Visual Studio Version 16
VisualStudioVersion = 16.0.30002.166
MinimumVisualStudioVersion = 10.0.40219.1
Project("{FAE04EC0-301F-11D3-BF4B-00C04F79EFBC}") = "FancyTiling", "FancyTiling.csproj", "{255EF247-8AC4-4FFE-83C1-E77373AE5957}"
EndProject
Project("{9A19103F-16F7-4668-BE54-9A1E7A4F7556}") = "ScreenSaverHelper", "..\ScreenSaverHelper\ScreenSaverHelper.csproj", "{17716B25-FE2C-4C35-B952-E9B1A8AA1FBD}"
EndProject
Project("{9A19103F-16F7-4668-BE54-9A1E7A4F7556}") = "MonoGameTest", "..\xna test\MonoGameTest.csproj", "{BFF37F4D-6907-43F3-959B-E13C737FDBAF}"
EndProject
Project("{54435603-DBB4-11D2-8724-00A0C9A8B90C}") = "FancyTilingWinSetup", "..\FancyTilingSetup\FancyTilingSetup.vdproj", "{6B02E0C3-BC81-48C9-8CB0-5539C65B52A0}"
EndProject
Project("{9A19103F-16F7-4668-BE54-9A1E7A4F7556}") = "SharedKernel", "..\SharedKernel\SharedKernel.csproj", "{C5212D04-6DF7-42CC-B67A-1F3F8743FC8D}"
EndProject
Project("{2150E333-8FDC-42A3-9474-1A3956D46DE8}") = "Nez", "Nez", "{5BEA3AC1-369D-461F-8DB3-32375F530CE1}"
EndProject
Project("{9A19103F-16F7-4668-BE54-9A1E7A4F7556}") = "Nez.ImGui", "..\Nez-master\Nez.ImGui\Nez.ImGui.csproj", "{C021CDE6-4B9C-448D-AFE6-486899A01215}"
EndProject
Project("{9A19103F-16F7-4668-BE54-9A1E7A4F7556}") = "Nez", "..\Nez-master\Nez.Portable\Nez.csproj", "{6C889395-ADF1-4F9C-9F32-6BFE9F7450A6}"
EndProject
Project("{9A19103F-16F7-4668-BE54-9A1E7A4F7556}") = "Nez.Persistence", "..\Nez-master\Nez.Persistence\Nez.Persistence.csproj", "{146CC81A-6B01-490E-8C6C-8999C79EBD6E}"
EndProject
Project("{9A19103F-16F7-4668-BE54-9A1E7A4F7556}") = "MyGame", "..\MyGame\MyGame.csproj", "{6E3208E2-BA85-46DB-9F04-200D325D822C}"
EndProject
Project("{9A19103F-16F7-4668-BE54-9A1E7A4F7556}") = "OnnxDetection", "..\OnnxGuiDetection\OnnxDetection.csproj", "{34BD1E2C-1077-4FBA-B14D-341B302D8FA5}"
EndProject
Project("{2150E333-8FDC-42A3-9474-1A3956D46DE8}") = "Inpainting", "Inpainting", "{77C6B239-47F3-4A55-8F29-2A185DEA3CD3}"
EndProject
Project("{9A19103F-16F7-4668-BE54-9A1E7A4F7556}") = "Inpainting", "..\Inpainting\Inpainting\Inpainting.csproj", "{B0A9A7F6-5D58-4024-994A-2C7163F7B947}"
EndProject
Project("{9A19103F-16F7-4668-BE54-9A1E7A4F7556}") = "Nez.Samples", "..\Nez-master\Nez.Samples\Nez.Samples.csproj", "{21723027-1C7C-492C-9505-8E021424B347}"
EndProject
Global
	GlobalSection(SolutionConfigurationPlatforms) = preSolution
		Debug|Any CPU = Debug|Any CPU
		Release|Any CPU = Release|Any CPU
	EndGlobalSection
	GlobalSection(ProjectConfigurationPlatforms) = postSolution
		{255EF247-8AC4-4FFE-83C1-E77373AE5957}.Debug|Any CPU.ActiveCfg = Debug|Any CPU
		{255EF247-8AC4-4FFE-83C1-E77373AE5957}.Debug|Any CPU.Build.0 = Debug|Any CPU
		{255EF247-8AC4-4FFE-83C1-E77373AE5957}.Release|Any CPU.ActiveCfg = Release|Any CPU
		{255EF247-8AC4-4FFE-83C1-E77373AE5957}.Release|Any CPU.Build.0 = Release|Any CPU
		{17716B25-FE2C-4C35-B952-E9B1A8AA1FBD}.Debug|Any CPU.ActiveCfg = Debug|Any CPU
		{17716B25-FE2C-4C35-B952-E9B1A8AA1FBD}.Debug|Any CPU.Build.0 = Debug|Any CPU
		{17716B25-FE2C-4C35-B952-E9B1A8AA1FBD}.Release|Any CPU.ActiveCfg = Release|Any CPU
		{17716B25-FE2C-4C35-B952-E9B1A8AA1FBD}.Release|Any CPU.Build.0 = Release|Any CPU
		{BFF37F4D-6907-43F3-959B-E13C737FDBAF}.Debug|Any CPU.ActiveCfg = Debug|Any CPU
		{BFF37F4D-6907-43F3-959B-E13C737FDBAF}.Debug|Any CPU.Build.0 = Debug|Any CPU
		{BFF37F4D-6907-43F3-959B-E13C737FDBAF}.Release|Any CPU.ActiveCfg = Release|Any CPU
		{BFF37F4D-6907-43F3-959B-E13C737FDBAF}.Release|Any CPU.Build.0 = Release|Any CPU
		{6B02E0C3-BC81-48C9-8CB0-5539C65B52A0}.Debug|Any CPU.ActiveCfg = Debug
		{6B02E0C3-BC81-48C9-8CB0-5539C65B52A0}.Release|Any CPU.ActiveCfg = Release
		{C5212D04-6DF7-42CC-B67A-1F3F8743FC8D}.Debug|Any CPU.ActiveCfg = Debug|Any CPU
		{C5212D04-6DF7-42CC-B67A-1F3F8743FC8D}.Debug|Any CPU.Build.0 = Debug|Any CPU
		{C5212D04-6DF7-42CC-B67A-1F3F8743FC8D}.Release|Any CPU.ActiveCfg = Release|Any CPU
		{C5212D04-6DF7-42CC-B67A-1F3F8743FC8D}.Release|Any CPU.Build.0 = Release|Any CPU
		{C021CDE6-4B9C-448D-AFE6-486899A01215}.Debug|Any CPU.ActiveCfg = Debug|Any CPU
		{C021CDE6-4B9C-448D-AFE6-486899A01215}.Debug|Any CPU.Build.0 = Debug|Any CPU
		{C021CDE6-4B9C-448D-AFE6-486899A01215}.Release|Any CPU.ActiveCfg = Release|Any CPU
		{C021CDE6-4B9C-448D-AFE6-486899A01215}.Release|Any CPU.Build.0 = Release|Any CPU
		{6C889395-ADF1-4F9C-9F32-6BFE9F7450A6}.Debug|Any CPU.ActiveCfg = Debug|Any CPU
		{6C889395-ADF1-4F9C-9F32-6BFE9F7450A6}.Debug|Any CPU.Build.0 = Debug|Any CPU
		{6C889395-ADF1-4F9C-9F32-6BFE9F7450A6}.Release|Any CPU.ActiveCfg = Release|Any CPU
		{6C889395-ADF1-4F9C-9F32-6BFE9F7450A6}.Release|Any CPU.Build.0 = Release|Any CPU
		{146CC81A-6B01-490E-8C6C-8999C79EBD6E}.Debug|Any CPU.ActiveCfg = Debug|Any CPU
		{146CC81A-6B01-490E-8C6C-8999C79EBD6E}.Debug|Any CPU.Build.0 = Debug|Any CPU
		{146CC81A-6B01-490E-8C6C-8999C79EBD6E}.Release|Any CPU.ActiveCfg = Release|Any CPU
		{146CC81A-6B01-490E-8C6C-8999C79EBD6E}.Release|Any CPU.Build.0 = Release|Any CPU
		{6E3208E2-BA85-46DB-9F04-200D325D822C}.Debug|Any CPU.ActiveCfg = Debug|Any CPU
		{6E3208E2-BA85-46DB-9F04-200D325D822C}.Debug|Any CPU.Build.0 = Debug|Any CPU
		{6E3208E2-BA85-46DB-9F04-200D325D822C}.Release|Any CPU.ActiveCfg = Release|Any CPU
		{6E3208E2-BA85-46DB-9F04-200D325D822C}.Release|Any CPU.Build.0 = Release|Any CPU
		{34BD1E2C-1077-4FBA-B14D-341B302D8FA5}.Debug|Any CPU.ActiveCfg = Debug|Any CPU
		{34BD1E2C-1077-4FBA-B14D-341B302D8FA5}.Debug|Any CPU.Build.0 = Debug|Any CPU
		{34BD1E2C-1077-4FBA-B14D-341B302D8FA5}.Release|Any CPU.ActiveCfg = Release|Any CPU
		{34BD1E2C-1077-4FBA-B14D-341B302D8FA5}.Release|Any CPU.Build.0 = Release|Any CPU
		{B0A9A7F6-5D58-4024-994A-2C7163F7B947}.Debug|Any CPU.ActiveCfg = Debug|Any CPU
		{B0A9A7F6-5D58-4024-994A-2C7163F7B947}.Debug|Any CPU.Build.0 = Debug|Any CPU
		{B0A9A7F6-5D58-4024-994A-2C7163F7B947}.Release|Any CPU.ActiveCfg = Release|Any CPU
		{B0A9A7F6-5D58-4024-994A-2C7163F7B947}.Release|Any CPU.Build.0 = Release|Any CPU
		{21723027-1C7C-492C-9505-8E021424B347}.Debug|Any CPU.ActiveCfg = Debug|Any CPU
		{21723027-1C7C-492C-9505-8E021424B347}.Debug|Any CPU.Build.0 = Debug|Any CPU
		{21723027-1C7C-492C-9505-8E021424B347}.Release|Any CPU.ActiveCfg = Release|Any CPU
		{21723027-1C7C-492C-9505-8E021424B347}.Release|Any CPU.Build.0 = Release|Any CPU
	EndGlobalSection
	GlobalSection(SolutionProperties) = preSolution
		HideSolutionNode = FALSE
	EndGlobalSection
	GlobalSection(NestedProjects) = preSolution
		{C021CDE6-4B9C-448D-AFE6-486899A01215} = {5BEA3AC1-369D-461F-8DB3-32375F530CE1}
		{6C889395-ADF1-4F9C-9F32-6BFE9F7450A6} = {5BEA3AC1-369D-461F-8DB3-32375F530CE1}
		{146CC81A-6B01-490E-8C6C-8999C79EBD6E} = {5BEA3AC1-369D-461F-8DB3-32375F530CE1}
		{B0A9A7F6-5D58-4024-994A-2C7163F7B947} = {77C6B239-47F3-4A55-8F29-2A185DEA3CD3}
		{21723027-1C7C-492C-9505-8E021424B347} = {5BEA3AC1-369D-461F-8DB3-32375F530CE1}
	EndGlobalSection
	GlobalSection(ExtensibilityGlobals) = postSolution
		SolutionGuid = {F3C9E75C-C3D9-4C6A-9730-9816607B52EC}
	EndGlobalSection
EndGlobal
